
Microsoft Visual Studio Solution File, Format Version 12.00
# Visual Studio Version 17
VisualStudioVersion = 17.0.32112.339
MinimumVisualStudioVersion = 10.0.40219.1
Project("{9A19103F-16F7-4668-BE54-9A1E7A4F7556}") = "Hybrid7z", "Hybrid7z.csproj", "{CA5FFF0B-10A2-4B3A-A342-DF43574BFA67}"
EndProject
Global
	GlobalSection(SolutionConfigurationPlatforms) = preSolution
		Debug|Any CPU = Debug|Any CPU
		Debug|x64 = Debug|x64
		Debug|x86 = Debug|x86
		Release|Any CPU = Release|Any CPU
		Release|x64 = Release|x64
		Release|x86 = Release|x86
	EndGlobalSection
	GlobalSection(ProjectConfigurationPlatforms) = postSolution
		{CA5FFF0B-10A2-4B3A-A342-DF43574BFA67}.Debug|Any CPU.ActiveCfg = Debug|Any CPU
		{CA5FFF0B-10A2-4B3A-A342-DF43574BFA67}.Debug|Any CPU.Build.0 = Debug|Any CPU
		{CA5FFF0B-10A2-4B3A-A342-DF43574BFA67}.Debug|x64.ActiveCfg = Debug|x64
		{CA5FFF0B-10A2-4B3A-A342-DF43574BFA67}.Debug|x64.Build.0 = Debug|x64
		{CA5FFF0B-10A2-4B3A-A342-DF43574BFA67}.Debug|x86.ActiveCfg = Debug|x86
		{CA5FFF0B-10A2-4B3A-A342-DF43574BFA67}.Debug|x86.Build.0 = Debug|x86
		{CA5FFF0B-10A2-4B3A-A342-DF43574BFA67}.Release|Any CPU.ActiveCfg = Release|Any CPU
		{CA5FFF0B-10A2-4B3A-A342-DF43574BFA67}.Release|Any CPU.Build.0 = Release|Any CPU
		{CA5FFF0B-10A2-4B3A-A342-DF43574BFA67}.Release|x64.ActiveCfg = Release|x64
		{CA5FFF0B-10A2-4B3A-A342-DF43574BFA67}.Release|x64.Build.0 = Release|x64
		{CA5FFF0B-10A2-4B3A-A342-DF43574BFA67}.Release|x86.ActiveCfg = Release|x64
		{CA5FFF0B-10A2-4B3A-A342-DF43574BFA67}.Release|x86.Build.0 = Release|x64
	EndGlobalSection
	GlobalSection(SolutionProperties) = preSolution
		HideSolutionNode = FALSE
	EndGlobalSection
	GlobalSection(ExtensibilityGlobals) = postSolution
		SolutionGuid = {11F4D3D8-BB7B-4BA0-BCDC-7532C93FB424}
	EndGlobalSection
EndGlobal
